// !$*UTF8*$!
{
	archiveVersion = 1;
	classes = {
	};
	objectVersion = 46;
	objects = {

/* Begin PBXBuildFile section */
		7F881E9FBFC3C326A85512B8 /* Pods_foodwhimTests.framework in Frameworks */ = {isa = PBXBuildFile; fileRef = 0C70C731794541AD894B8D45 /* Pods_foodwhimTests.framework */; };
		C3C5C4FD8A5196B312E5FD23 /* Pods_foodwhim.framework in Frameworks */ = {isa = PBXBuildFile; fileRef = EADB01371B20FD5E17C6D884 /* Pods_foodwhim.framework */; };
		CD3E8AF1A953054492DB9E5D /* Pods_foodwhimUITests.framework in Frameworks */ = {isa = PBXBuildFile; fileRef = 4D39D75FB86059956220F034 /* Pods_foodwhimUITests.framework */; };
		F10227D01E8206A8009D9A45 /* AppDelegate.swift in Sources */ = {isa = PBXBuildFile; fileRef = F10227CF1E8206A8009D9A45 /* AppDelegate.swift */; };
		F10227D21E8206A8009D9A45 /* MainViewController.swift in Sources */ = {isa = PBXBuildFile; fileRef = F10227D11E8206A8009D9A45 /* MainViewController.swift */; };
		F10227D51E8206A9009D9A45 /* Main.storyboard in Resources */ = {isa = PBXBuildFile; fileRef = F10227D31E8206A9009D9A45 /* Main.storyboard */; };
		F10227D71E8206A9009D9A45 /* Assets.xcassets in Resources */ = {isa = PBXBuildFile; fileRef = F10227D61E8206A9009D9A45 /* Assets.xcassets */; };
		F10227DA1E8206A9009D9A45 /* LaunchScreen.storyboard in Resources */ = {isa = PBXBuildFile; fileRef = F10227D81E8206A9009D9A45 /* LaunchScreen.storyboard */; };
		F10227E51E8206A9009D9A45 /* foodwhimTests.swift in Sources */ = {isa = PBXBuildFile; fileRef = F10227E41E8206A9009D9A45 /* foodwhimTests.swift */; };
		F10227F01E8206A9009D9A45 /* foodwhimUITests.swift in Sources */ = {isa = PBXBuildFile; fileRef = F10227EF1E8206A9009D9A45 /* foodwhimUITests.swift */; };
/* End PBXBuildFile section */

/* Begin PBXContainerItemProxy section */
		F10227E11E8206A9009D9A45 /* PBXContainerItemProxy */ = {
			isa = PBXContainerItemProxy;
			containerPortal = F10227C41E8206A8009D9A45 /* Project object */;
			proxyType = 1;
			remoteGlobalIDString = F10227CB1E8206A8009D9A45;
			remoteInfo = foodwhim;
		};
		F10227EC1E8206A9009D9A45 /* PBXContainerItemProxy */ = {
			isa = PBXContainerItemProxy;
			containerPortal = F10227C41E8206A8009D9A45 /* Project object */;
			proxyType = 1;
			remoteGlobalIDString = F10227CB1E8206A8009D9A45;
			remoteInfo = foodwhim;
		};
/* End PBXContainerItemProxy section */

/* Begin PBXFileReference section */
		0C70C731794541AD894B8D45 /* Pods_foodwhimTests.framework */ = {isa = PBXFileReference; explicitFileType = wrapper.framework; includeInIndex = 0; path = Pods_foodwhimTests.framework; sourceTree = BUILT_PRODUCTS_DIR; };
		352C67FB2BF47EEDEA441497 /* Pods-foodwhimUITests.release.xcconfig */ = {isa = PBXFileReference; includeInIndex = 1; lastKnownFileType = text.xcconfig; name = "Pods-foodwhimUITests.release.xcconfig"; path = "Pods/Target Support Files/Pods-foodwhimUITests/Pods-foodwhimUITests.release.xcconfig"; sourceTree = "<group>"; };
		4A70675C323E8BDA5E0AEC30 /* Pods-foodwhim.release.xcconfig */ = {isa = PBXFileReference; includeInIndex = 1; lastKnownFileType = text.xcconfig; name = "Pods-foodwhim.release.xcconfig"; path = "Pods/Target Support Files/Pods-foodwhim/Pods-foodwhim.release.xcconfig"; sourceTree = "<group>"; };
		4D39D75FB86059956220F034 /* Pods_foodwhimUITests.framework */ = {isa = PBXFileReference; explicitFileType = wrapper.framework; includeInIndex = 0; path = Pods_foodwhimUITests.framework; sourceTree = BUILT_PRODUCTS_DIR; };
		5FECC2AA66714E2AEAA08BB8 /* Pods-foodwhimTests.debug.xcconfig */ = {isa = PBXFileReference; includeInIndex = 1; lastKnownFileType = text.xcconfig; name = "Pods-foodwhimTests.debug.xcconfig"; path = "Pods/Target Support Files/Pods-foodwhimTests/Pods-foodwhimTests.debug.xcconfig"; sourceTree = "<group>"; };
		625443C662E0C3CD2145BB17 /* Pods-foodwhimTests.release.xcconfig */ = {isa = PBXFileReference; includeInIndex = 1; lastKnownFileType = text.xcconfig; name = "Pods-foodwhimTests.release.xcconfig"; path = "Pods/Target Support Files/Pods-foodwhimTests/Pods-foodwhimTests.release.xcconfig"; sourceTree = "<group>"; };
		85E565EA3ECF143F374CC367 /* Pods-foodwhimUITests.debug.xcconfig */ = {isa = PBXFileReference; includeInIndex = 1; lastKnownFileType = text.xcconfig; name = "Pods-foodwhimUITests.debug.xcconfig"; path = "Pods/Target Support Files/Pods-foodwhimUITests/Pods-foodwhimUITests.debug.xcconfig"; sourceTree = "<group>"; };
		984BCF197AA5E6FB9BCEEA1E /* Pods-foodwhim.debug.xcconfig */ = {isa = PBXFileReference; includeInIndex = 1; lastKnownFileType = text.xcconfig; name = "Pods-foodwhim.debug.xcconfig"; path = "Pods/Target Support Files/Pods-foodwhim/Pods-foodwhim.debug.xcconfig"; sourceTree = "<group>"; };
		EADB01371B20FD5E17C6D884 /* Pods_foodwhim.framework */ = {isa = PBXFileReference; explicitFileType = wrapper.framework; includeInIndex = 0; path = Pods_foodwhim.framework; sourceTree = BUILT_PRODUCTS_DIR; };
		F10227CC1E8206A8009D9A45 /* foodwhim.app */ = {isa = PBXFileReference; explicitFileType = wrapper.application; includeInIndex = 0; path = foodwhim.app; sourceTree = BUILT_PRODUCTS_DIR; };
		F10227CF1E8206A8009D9A45 /* AppDelegate.swift */ = {isa = PBXFileReference; lastKnownFileType = sourcecode.swift; path = AppDelegate.swift; sourceTree = "<group>"; };
		F10227D11E8206A8009D9A45 /* MainViewController.swift */ = {isa = PBXFileReference; lastKnownFileType = sourcecode.swift; path = MainViewController.swift; sourceTree = "<group>"; };
		F10227D41E8206A9009D9A45 /* Base */ = {isa = PBXFileReference; lastKnownFileType = file.storyboard; name = Base; path = Base.lproj/Main.storyboard; sourceTree = "<group>"; };
		F10227D61E8206A9009D9A45 /* Assets.xcassets */ = {isa = PBXFileReference; lastKnownFileType = folder.assetcatalog; path = Assets.xcassets; sourceTree = "<group>"; };
		F10227D91E8206A9009D9A45 /* Base */ = {isa = PBXFileReference; lastKnownFileType = file.storyboard; name = Base; path = Base.lproj/LaunchScreen.storyboard; sourceTree = "<group>"; };
		F10227DB1E8206A9009D9A45 /* Info.plist */ = {isa = PBXFileReference; lastKnownFileType = text.plist.xml; path = Info.plist; sourceTree = "<group>"; };
		F10227E01E8206A9009D9A45 /* foodwhimTests.xctest */ = {isa = PBXFileReference; explicitFileType = wrapper.cfbundle; includeInIndex = 0; path = foodwhimTests.xctest; sourceTree = BUILT_PRODUCTS_DIR; };
		F10227E41E8206A9009D9A45 /* foodwhimTests.swift */ = {isa = PBXFileReference; lastKnownFileType = sourcecode.swift; path = foodwhimTests.swift; sourceTree = "<group>"; };
		F10227E61E8206A9009D9A45 /* Info.plist */ = {isa = PBXFileReference; lastKnownFileType = text.plist.xml; path = Info.plist; sourceTree = "<group>"; };
		F10227EB1E8206A9009D9A45 /* foodwhimUITests.xctest */ = {isa = PBXFileReference; explicitFileType = wrapper.cfbundle; includeInIndex = 0; path = foodwhimUITests.xctest; sourceTree = BUILT_PRODUCTS_DIR; };
		F10227EF1E8206A9009D9A45 /* foodwhimUITests.swift */ = {isa = PBXFileReference; lastKnownFileType = sourcecode.swift; path = foodwhimUITests.swift; sourceTree = "<group>"; };
		F10227F11E8206A9009D9A45 /* Info.plist */ = {isa = PBXFileReference; lastKnownFileType = text.plist.xml; path = Info.plist; sourceTree = "<group>"; };
/* End PBXFileReference section */

/* Begin PBXFrameworksBuildPhase section */
		F10227C91E8206A8009D9A45 /* Frameworks */ = {
			isa = PBXFrameworksBuildPhase;
			buildActionMask = 2147483647;
			files = (
				C3C5C4FD8A5196B312E5FD23 /* Pods_foodwhim.framework in Frameworks */,
			);
			runOnlyForDeploymentPostprocessing = 0;
		};
		F10227DD1E8206A9009D9A45 /* Frameworks */ = {
			isa = PBXFrameworksBuildPhase;
			buildActionMask = 2147483647;
			files = (
				7F881E9FBFC3C326A85512B8 /* Pods_foodwhimTests.framework in Frameworks */,
			);
			runOnlyForDeploymentPostprocessing = 0;
		};
		F10227E81E8206A9009D9A45 /* Frameworks */ = {
			isa = PBXFrameworksBuildPhase;
			buildActionMask = 2147483647;
			files = (
				CD3E8AF1A953054492DB9E5D /* Pods_foodwhimUITests.framework in Frameworks */,
			);
			runOnlyForDeploymentPostprocessing = 0;
		};
/* End PBXFrameworksBuildPhase section */

/* Begin PBXGroup section */
		1680CE9DBFDF1E2745EBD12A /* Frameworks */ = {
			isa = PBXGroup;
			children = (
				EADB01371B20FD5E17C6D884 /* Pods_foodwhim.framework */,
				0C70C731794541AD894B8D45 /* Pods_foodwhimTests.framework */,
				4D39D75FB86059956220F034 /* Pods_foodwhimUITests.framework */,
			);
			name = Frameworks;
			sourceTree = "<group>";
		};
		3686FFD5C14D54D9D1E0C5D7 /* Pods */ = {
			isa = PBXGroup;
			children = (
				984BCF197AA5E6FB9BCEEA1E /* Pods-foodwhim.debug.xcconfig */,
				4A70675C323E8BDA5E0AEC30 /* Pods-foodwhim.release.xcconfig */,
				5FECC2AA66714E2AEAA08BB8 /* Pods-foodwhimTests.debug.xcconfig */,
				625443C662E0C3CD2145BB17 /* Pods-foodwhimTests.release.xcconfig */,
				85E565EA3ECF143F374CC367 /* Pods-foodwhimUITests.debug.xcconfig */,
				352C67FB2BF47EEDEA441497 /* Pods-foodwhimUITests.release.xcconfig */,
			);
			name = Pods;
			sourceTree = "<group>";
		};
		F10227C31E8206A8009D9A45 = {
			isa = PBXGroup;
			children = (
				F10227CE1E8206A8009D9A45 /* foodwhim */,
				F10227E31E8206A9009D9A45 /* foodwhimTests */,
				F10227EE1E8206A9009D9A45 /* foodwhimUITests */,
				F10227CD1E8206A8009D9A45 /* Products */,
				3686FFD5C14D54D9D1E0C5D7 /* Pods */,
				1680CE9DBFDF1E2745EBD12A /* Frameworks */,
			);
			sourceTree = "<group>";
		};
		F10227CD1E8206A8009D9A45 /* Products */ = {
			isa = PBXGroup;
			children = (
				F10227CC1E8206A8009D9A45 /* foodwhim.app */,
				F10227E01E8206A9009D9A45 /* foodwhimTests.xctest */,
				F10227EB1E8206A9009D9A45 /* foodwhimUITests.xctest */,
			);
			name = Products;
			sourceTree = "<group>";
		};
		F10227CE1E8206A8009D9A45 /* foodwhim */ = {
			isa = PBXGroup;
			children = (
				F10227CF1E8206A8009D9A45 /* AppDelegate.swift */,
				F10227D11E8206A8009D9A45 /* MainViewController.swift */,
				F10227D31E8206A9009D9A45 /* Main.storyboard */,
				F10227D61E8206A9009D9A45 /* Assets.xcassets */,
				F10227D81E8206A9009D9A45 /* LaunchScreen.storyboard */,
				F10227DB1E8206A9009D9A45 /* Info.plist */,
			);
			path = foodwhim;
			sourceTree = "<group>";
		};
		F10227E31E8206A9009D9A45 /* foodwhimTests */ = {
			isa = PBXGroup;
			children = (
				F10227E41E8206A9009D9A45 /* foodwhimTests.swift */,
				F10227E61E8206A9009D9A45 /* Info.plist */,
			);
			path = foodwhimTests;
			sourceTree = "<group>";
		};
		F10227EE1E8206A9009D9A45 /* foodwhimUITests */ = {
			isa = PBXGroup;
			children = (
				F10227EF1E8206A9009D9A45 /* foodwhimUITests.swift */,
				F10227F11E8206A9009D9A45 /* Info.plist */,
			);
			path = foodwhimUITests;
			sourceTree = "<group>";
		};
/* End PBXGroup section */

/* Begin PBXNativeTarget section */
		F10227CB1E8206A8009D9A45 /* foodwhim */ = {
			isa = PBXNativeTarget;
			buildConfigurationList = F10227F41E8206A9009D9A45 /* Build configuration list for PBXNativeTarget "foodwhim" */;
			buildPhases = (
				9CF9B1269E6CA08E71AAE740 /* [CP] Check Pods Manifest.lock */,
				F10227C81E8206A8009D9A45 /* Sources */,
				F10227C91E8206A8009D9A45 /* Frameworks */,
				F10227CA1E8206A8009D9A45 /* Resources */,
				FE9810191BFCC62C5975DE5A /* [CP] Embed Pods Frameworks */,
				00F7AC2A4F4C6C08C41093FB /* [CP] Copy Pods Resources */,
			);
			buildRules = (
			);
			dependencies = (
			);
			name = foodwhim;
			productName = foodwhim;
			productReference = F10227CC1E8206A8009D9A45 /* foodwhim.app */;
			productType = "com.apple.product-type.application";
		};
		F10227DF1E8206A9009D9A45 /* foodwhimTests */ = {
			isa = PBXNativeTarget;
			buildConfigurationList = F10227F71E8206A9009D9A45 /* Build configuration list for PBXNativeTarget "foodwhimTests" */;
			buildPhases = (
				6CF491ED0CFF7FF7E3569D92 /* [CP] Check Pods Manifest.lock */,
				F10227DC1E8206A9009D9A45 /* Sources */,
				F10227DD1E8206A9009D9A45 /* Frameworks */,
				F10227DE1E8206A9009D9A45 /* Resources */,
				2E503A3D0935F27D227ADB54 /* [CP] Embed Pods Frameworks */,
				8D65F84C6554A729FD3D1367 /* [CP] Copy Pods Resources */,
			);
			buildRules = (
			);
			dependencies = (
				F10227E21E8206A9009D9A45 /* PBXTargetDependency */,
			);
			name = foodwhimTests;
			productName = foodwhimTests;
			productReference = F10227E01E8206A9009D9A45 /* foodwhimTests.xctest */;
			productType = "com.apple.product-type.bundle.unit-test";
		};
		F10227EA1E8206A9009D9A45 /* foodwhimUITests */ = {
			isa = PBXNativeTarget;
			buildConfigurationList = F10227FA1E8206A9009D9A45 /* Build configuration list for PBXNativeTarget "foodwhimUITests" */;
			buildPhases = (
				3A06EED410B0760276816DA1 /* [CP] Check Pods Manifest.lock */,
				F10227E71E8206A9009D9A45 /* Sources */,
				F10227E81E8206A9009D9A45 /* Frameworks */,
				F10227E91E8206A9009D9A45 /* Resources */,
				01ED413D96CAA56A678EBE73 /* [CP] Embed Pods Frameworks */,
				2DC6C991639BB41F9A44E51D /* [CP] Copy Pods Resources */,
			);
			buildRules = (
			);
			dependencies = (
				F10227ED1E8206A9009D9A45 /* PBXTargetDependency */,
			);
			name = foodwhimUITests;
			productName = foodwhimUITests;
			productReference = F10227EB1E8206A9009D9A45 /* foodwhimUITests.xctest */;
			productType = "com.apple.product-type.bundle.ui-testing";
		};
/* End PBXNativeTarget section */

/* Begin PBXProject section */
		F10227C41E8206A8009D9A45 /* Project object */ = {
			isa = PBXProject;
			attributes = {
				LastSwiftUpdateCheck = 0820;
				LastUpgradeCheck = 0820;
				ORGANIZATIONNAME = "Erik Yang";
				TargetAttributes = {
					F10227CB1E8206A8009D9A45 = {
						CreatedOnToolsVersion = 8.2.1;
						DevelopmentTeam = BN8PX94DMQ;
						ProvisioningStyle = Automatic;
					};
					F10227DF1E8206A9009D9A45 = {
						CreatedOnToolsVersion = 8.2.1;
						DevelopmentTeam = BN8PX94DMQ;
						ProvisioningStyle = Automatic;
						TestTargetID = F10227CB1E8206A8009D9A45;
					};
					F10227EA1E8206A9009D9A45 = {
						CreatedOnToolsVersion = 8.2.1;
						DevelopmentTeam = BN8PX94DMQ;
						ProvisioningStyle = Automatic;
						TestTargetID = F10227CB1E8206A8009D9A45;
					};
				};
			};
			buildConfigurationList = F10227C71E8206A8009D9A45 /* Build configuration list for PBXProject "foodwhim" */;
			compatibilityVersion = "Xcode 3.2";
			developmentRegion = English;
			hasScannedForEncodings = 0;
			knownRegions = (
				en,
				Base,
			);
			mainGroup = F10227C31E8206A8009D9A45;
			productRefGroup = F10227CD1E8206A8009D9A45 /* Products */;
			projectDirPath = "";
			projectRoot = "";
			targets = (
				F10227CB1E8206A8009D9A45 /* foodwhim */,
				F10227DF1E8206A9009D9A45 /* foodwhimTests */,
				F10227EA1E8206A9009D9A45 /* foodwhimUITests */,
			);
		};
/* End PBXProject section */

/* Begin PBXResourcesBuildPhase section */
		F10227CA1E8206A8009D9A45 /* Resources */ = {
			isa = PBXResourcesBuildPhase;
			buildActionMask = 2147483647;
			files = (
				F10227DA1E8206A9009D9A45 /* LaunchScreen.storyboard in Resources */,
				F10227D71E8206A9009D9A45 /* Assets.xcassets in Resources */,
				F10227D51E8206A9009D9A45 /* Main.storyboard in Resources */,
			);
			runOnlyForDeploymentPostprocessing = 0;
		};
		F10227DE1E8206A9009D9A45 /* Resources */ = {
			isa = PBXResourcesBuildPhase;
			buildActionMask = 2147483647;
			files = (
			);
			runOnlyForDeploymentPostprocessing = 0;
		};
		F10227E91E8206A9009D9A45 /* Resources */ = {
			isa = PBXResourcesBuildPhase;
			buildActionMask = 2147483647;
			files = (
			);
			runOnlyForDeploymentPostprocessing = 0;
		};
/* End PBXResourcesBuildPhase section */

/* Begin PBXShellScriptBuildPhase section */
		00F7AC2A4F4C6C08C41093FB /* [CP] Copy Pods Resources */ = {
			isa = PBXShellScriptBuildPhase;
			buildActionMask = 2147483647;
			files = (
			);
			inputPaths = (
			);
			name = "[CP] Copy Pods Resources";
			outputPaths = (
			);
			runOnlyForDeploymentPostprocessing = 0;
			shellPath = /bin/sh;
			shellScript = "\"${SRCROOT}/Pods/Target Support Files/Pods-foodwhim/Pods-foodwhim-resources.sh\"\n";
			showEnvVarsInLog = 0;
		};
		01ED413D96CAA56A678EBE73 /* [CP] Embed Pods Frameworks */ = {
			isa = PBXShellScriptBuildPhase;
			buildActionMask = 2147483647;
			files = (
			);
			inputPaths = (
			);
			name = "[CP] Embed Pods Frameworks";
			outputPaths = (
			);
			runOnlyForDeploymentPostprocessing = 0;
			shellPath = /bin/sh;
			shellScript = "\"${SRCROOT}/Pods/Target Support Files/Pods-foodwhimUITests/Pods-foodwhimUITests-frameworks.sh\"\n";
			showEnvVarsInLog = 0;
		};
		2DC6C991639BB41F9A44E51D /* [CP] Copy Pods Resources */ = {
			isa = PBXShellScriptBuildPhase;
			buildActionMask = 2147483647;
			files = (
			);
			inputPaths = (
			);
			name = "[CP] Copy Pods Resources";
			outputPaths = (
			);
			runOnlyForDeploymentPostprocessing = 0;
			shellPath = /bin/sh;
			shellScript = "\"${SRCROOT}/Pods/Target Support Files/Pods-foodwhimUITests/Pods-foodwhimUITests-resources.sh\"\n";
			showEnvVarsInLog = 0;
		};
		2E503A3D0935F27D227ADB54 /* [CP] Embed Pods Frameworks */ = {
			isa = PBXShellScriptBuildPhase;
			buildActionMask = 2147483647;
			files = (
			);
			inputPaths = (
			);
			name = "[CP] Embed Pods Frameworks";
			outputPaths = (
			);
			runOnlyForDeploymentPostprocessing = 0;
			shellPath = /bin/sh;
			shellScript = "\"${SRCROOT}/Pods/Target Support Files/Pods-foodwhimTests/Pods-foodwhimTests-frameworks.sh\"\n";
			showEnvVarsInLog = 0;
		};
		3A06EED410B0760276816DA1 /* [CP] Check Pods Manifest.lock */ = {
			isa = PBXShellScriptBuildPhase;
			buildActionMask = 2147483647;
			files = (
			);
			inputPaths = (
			);
			name = "[CP] Check Pods Manifest.lock";
			outputPaths = (
			);
			runOnlyForDeploymentPostprocessing = 0;
			shellPath = /bin/sh;
			shellScript = "diff \"${PODS_PODFILE_DIR_PATH}/Podfile.lock\" \"${PODS_ROOT}/Manifest.lock\" > /dev/null\nif [ $? != 0 ] ; then\n    # print error to STDERR\n    echo \"error: The sandbox is not in sync with the Podfile.lock. Run 'pod install' or update your CocoaPods installation.\" >&2\n    exit 1\nfi\n";
			showEnvVarsInLog = 0;
		};
		6CF491ED0CFF7FF7E3569D92 /* [CP] Check Pods Manifest.lock */ = {
			isa = PBXShellScriptBuildPhase;
			buildActionMask = 2147483647;
			files = (
			);
			inputPaths = (
			);
			name = "[CP] Check Pods Manifest.lock";
			outputPaths = (
			);
			runOnlyForDeploymentPostprocessing = 0;
			shellPath = /bin/sh;
			shellScript = "diff \"${PODS_PODFILE_DIR_PATH}/Podfile.lock\" \"${PODS_ROOT}/Manifest.lock\" > /dev/null\nif [ $? != 0 ] ; then\n    # print error to STDERR\n    echo \"error: The sandbox is not in sync with the Podfile.lock. Run 'pod install' or update your CocoaPods installation.\" >&2\n    exit 1\nfi\n";
			showEnvVarsInLog = 0;
		};
		8D65F84C6554A729FD3D1367 /* [CP] Copy Pods Resources */ = {
			isa = PBXShellScriptBuildPhase;
			buildActionMask = 2147483647;
			files = (
			);
			inputPaths = (
			);
			name = "[CP] Copy Pods Resources";
			outputPaths = (
			);
			runOnlyForDeploymentPostprocessing = 0;
			shellPath = /bin/sh;
			shellScript = "\"${SRCROOT}/Pods/Target Support Files/Pods-foodwhimTests/Pods-foodwhimTests-resources.sh\"\n";
			showEnvVarsInLog = 0;
		};
		9CF9B1269E6CA08E71AAE740 /* [CP] Check Pods Manifest.lock */ = {
			isa = PBXShellScriptBuildPhase;
			buildActionMask = 2147483647;
			files = (
			);
			inputPaths = (
			);
			name = "[CP] Check Pods Manifest.lock";
			outputPaths = (
			);
			runOnlyForDeploymentPostprocessing = 0;
			shellPath = /bin/sh;
			shellScript = "diff \"${PODS_PODFILE_DIR_PATH}/Podfile.lock\" \"${PODS_ROOT}/Manifest.lock\" > /dev/null\nif [ $? != 0 ] ; then\n    # print error to STDERR\n    echo \"error: The sandbox is not in sync with the Podfile.lock. Run 'pod install' or update your CocoaPods installation.\" >&2\n    exit 1\nfi\n";
			showEnvVarsInLog = 0;
		};
		FE9810191BFCC62C5975DE5A /* [CP] Embed Pods Frameworks */ = {
			isa = PBXShellScriptBuildPhase;
			buildActionMask = 2147483647;
			files = (
			);
			inputPaths = (
			);
			name = "[CP] Embed Pods Frameworks";
			outputPaths = (
			);
			runOnlyForDeploymentPostprocessing = 0;
			shellPath = /bin/sh;
			shellScript = "\"${SRCROOT}/Pods/Target Support Files/Pods-foodwhim/Pods-foodwhim-frameworks.sh\"\n";
			showEnvVarsInLog = 0;
		};
/* End PBXShellScriptBuildPhase section */

/* Begin PBXSourcesBuildPhase section */
		F10227C81E8206A8009D9A45 /* Sources */ = {
			isa = PBXSourcesBuildPhase;
			buildActionMask = 2147483647;
			files = (
				F10227D21E8206A8009D9A45 /* MainViewController.swift in Sources */,
				F10227D01E8206A8009D9A45 /* AppDelegate.swift in Sources */,
			);
			runOnlyForDeploymentPostprocessing = 0;
		};
		F10227DC1E8206A9009D9A45 /* Sources */ = {
			isa = PBXSourcesBuildPhase;
			buildActionMask = 2147483647;
			files = (
				F10227E51E8206A9009D9A45 /* foodwhimTests.swift in Sources */,
			);
			runOnlyForDeploymentPostprocessing = 0;
		};
		F10227E71E8206A9009D9A45 /* Sources */ = {
			isa = PBXSourcesBuildPhase;
			buildActionMask = 2147483647;
			files = (
				F10227F01E8206A9009D9A45 /* foodwhimUITests.swift in Sources */,
			);
			runOnlyForDeploymentPostprocessing = 0;
		};
/* End PBXSourcesBuildPhase section */

/* Begin PBXTargetDependency section */
		F10227E21E8206A9009D9A45 /* PBXTargetDependency */ = {
			isa = PBXTargetDependency;
			target = F10227CB1E8206A8009D9A45 /* foodwhim */;
			targetProxy = F10227E11E8206A9009D9A45 /* PBXContainerItemProxy */;
		};
		F10227ED1E8206A9009D9A45 /* PBXTargetDependency */ = {
			isa = PBXTargetDependency;
			target = F10227CB1E8206A8009D9A45 /* foodwhim */;
			targetProxy = F10227EC1E8206A9009D9A45 /* PBXContainerItemProxy */;
		};
/* End PBXTargetDependency section */

/* Begin PBXVariantGroup section */
		F10227D31E8206A9009D9A45 /* Main.storyboard */ = {
			isa = PBXVariantGroup;
			children = (
				F10227D41E8206A9009D9A45 /* Base */,
			);
			name = Main.storyboard;
			sourceTree = "<group>";
		};
		F10227D81E8206A9009D9A45 /* LaunchScreen.storyboard */ = {
			isa = PBXVariantGroup;
			children = (
				F10227D91E8206A9009D9A45 /* Base */,
			);
			name = LaunchScreen.storyboard;
			sourceTree = "<group>";
		};
/* End PBXVariantGroup section */

/* Begin XCBuildConfiguration section */
		F10227F21E8206A9009D9A45 /* Debug */ = {
			isa = XCBuildConfiguration;
			buildSettings = {
				ALWAYS_SEARCH_USER_PATHS = NO;
				CLANG_ANALYZER_NONNULL = YES;
				CLANG_CXX_LANGUAGE_STANDARD = "gnu++0x";
				CLANG_CXX_LIBRARY = "libc++";
				CLANG_ENABLE_MODULES = YES;
				CLANG_ENABLE_OBJC_ARC = YES;
				CLANG_WARN_BOOL_CONVERSION = YES;
				CLANG_WARN_CONSTANT_CONVERSION = YES;
				CLANG_WARN_DIRECT_OBJC_ISA_USAGE = YES_ERROR;
				CLANG_WARN_DOCUMENTATION_COMMENTS = YES;
				CLANG_WARN_EMPTY_BODY = YES;
				CLANG_WARN_ENUM_CONVERSION = YES;
				CLANG_WARN_INFINITE_RECURSION = YES;
				CLANG_WARN_INT_CONVERSION = YES;
				CLANG_WARN_OBJC_ROOT_CLASS = YES_ERROR;
				CLANG_WARN_SUSPICIOUS_MOVE = YES;
				CLANG_WARN_UNREACHABLE_CODE = YES;
				CLANG_WARN__DUPLICATE_METHOD_MATCH = YES;
				"CODE_SIGN_IDENTITY[sdk=iphoneos*]" = "iPhone Developer";
				COPY_PHASE_STRIP = NO;
				DEBUG_INFORMATION_FORMAT = dwarf;
				ENABLE_STRICT_OBJC_MSGSEND = YES;
				ENABLE_TESTABILITY = YES;
				GCC_C_LANGUAGE_STANDARD = gnu99;
				GCC_DYNAMIC_NO_PIC = NO;
				GCC_NO_COMMON_BLOCKS = YES;
				GCC_OPTIMIZATION_LEVEL = 0;
				GCC_PREPROCESSOR_DEFINITIONS = (
					"DEBUG=1",
					"$(inherited)",
				);
				GCC_WARN_64_TO_32_BIT_CONVERSION = YES;
				GCC_WARN_ABOUT_RETURN_TYPE = YES_ERROR;
				GCC_WARN_UNDECLARED_SELECTOR = YES;
				GCC_WARN_UNINITIALIZED_AUTOS = YES_AGGRESSIVE;
				GCC_WARN_UNUSED_FUNCTION = YES;
				GCC_WARN_UNUSED_VARIABLE = YES;
				IPHONEOS_DEPLOYMENT_TARGET = 10.2;
				MTL_ENABLE_DEBUG_INFO = YES;
				ONLY_ACTIVE_ARCH = YES;
				SDKROOT = iphoneos;
				SWIFT_ACTIVE_COMPILATION_CONDITIONS = DEBUG;
				SWIFT_OPTIMIZATION_LEVEL = "-Onone";
				TARGETED_DEVICE_FAMILY = "1,2";
			};
			name = Debug;
		};
		F10227F31E8206A9009D9A45 /* Release */ = {
			isa = XCBuildConfiguration;
			buildSettings = {
				ALWAYS_SEARCH_USER_PATHS = NO;
				CLANG_ANALYZER_NONNULL = YES;
				CLANG_CXX_LANGUAGE_STANDARD = "gnu++0x";
				CLANG_CXX_LIBRARY = "libc++";
				CLANG_ENABLE_MODULES = YES;
				CLANG_ENABLE_OBJC_ARC = YES;
				CLANG_WARN_BOOL_CONVERSION = YES;
				CLANG_WARN_CONSTANT_CONVERSION = YES;
				CLANG_WARN_DIRECT_OBJC_ISA_USAGE = YES_ERROR;
				CLANG_WARN_DOCUMENTATION_COMMENTS = YES;
				CLANG_WARN_EMPTY_BODY = YES;
				CLANG_WARN_ENUM_CONVERSION = YES;
				CLANG_WARN_INFINITE_RECURSION = YES;
				CLANG_WARN_INT_CONVERSION = YES;
				CLANG_WARN_OBJC_ROOT_CLASS = YES_ERROR;
				CLANG_WARN_SUSPICIOUS_MOVE = YES;
				CLANG_WARN_UNREACHABLE_CODE = YES;
				CLANG_WARN__DUPLICATE_METHOD_MATCH = YES;
				"CODE_SIGN_IDENTITY[sdk=iphoneos*]" = "iPhone Developer";
				COPY_PHASE_STRIP = NO;
				DEBUG_INFORMATION_FORMAT = "dwarf-with-dsym";
				ENABLE_NS_ASSERTIONS = NO;
				ENABLE_STRICT_OBJC_MSGSEND = YES;
				GCC_C_LANGUAGE_STANDARD = gnu99;
				GCC_NO_COMMON_BLOCKS = YES;
				GCC_WARN_64_TO_32_BIT_CONVERSION = YES;
				GCC_WARN_ABOUT_RETURN_TYPE = YES_ERROR;
				GCC_WARN_UNDECLARED_SELECTOR = YES;
				GCC_WARN_UNINITIALIZED_AUTOS = YES_AGGRESSIVE;
				GCC_WARN_UNUSED_FUNCTION = YES;
				GCC_WARN_UNUSED_VARIABLE = YES;
				IPHONEOS_DEPLOYMENT_TARGET = 10.2;
				MTL_ENABLE_DEBUG_INFO = NO;
				SDKROOT = iphoneos;
				SWIFT_OPTIMIZATION_LEVEL = "-Owholemodule";
				TARGETED_DEVICE_FAMILY = "1,2";
				VALIDATE_PRODUCT = YES;
			};
			name = Release;
		};
		F10227F51E8206A9009D9A45 /* Debug */ = {
			isa = XCBuildConfiguration;
			baseConfigurationReference = 984BCF197AA5E6FB9BCEEA1E /* Pods-foodwhim.debug.xcconfig */;
			buildSettings = {
				ASSETCATALOG_COMPILER_APPICON_NAME = AppIcon;
				DEVELOPMENT_TEAM = BN8PX94DMQ;
				INFOPLIST_FILE = foodwhim/Info.plist;
				LD_RUNPATH_SEARCH_PATHS = "$(inherited) @executable_path/Frameworks";
				PRODUCT_BUNDLE_IDENTIFIER = erikyangs.github.io.foodwhim;
				PRODUCT_NAME = "$(TARGET_NAME)";
				SWIFT_VERSION = 3.0;
			};
			name = Debug;
		};
		F10227F61E8206A9009D9A45 /* Release */ = {
			isa = XCBuildConfiguration;
			baseConfigurationReference = 4A70675C323E8BDA5E0AEC30 /* Pods-foodwhim.release.xcconfig */;
			buildSettings = {
				ASSETCATALOG_COMPILER_APPICON_NAME = AppIcon;
				DEVELOPMENT_TEAM = BN8PX94DMQ;
				INFOPLIST_FILE = foodwhim/Info.plist;
				LD_RUNPATH_SEARCH_PATHS = "$(inherited) @executable_path/Frameworks";
				PRODUCT_BUNDLE_IDENTIFIER = erikyangs.github.io.foodwhim;
				PRODUCT_NAME = "$(TARGET_NAME)";
				SWIFT_VERSION = 3.0;
			};
			name = Release;
		};
		F10227F81E8206A9009D9A45 /* Debug */ = {
			isa = XCBuildConfiguration;
			baseConfigurationReference = 5FECC2AA66714E2AEAA08BB8 /* Pods-foodwhimTests.debug.xcconfig */;
			buildSettings = {
				ALWAYS_EMBED_SWIFT_STANDARD_LIBRARIES = YES;
				BUNDLE_LOADER = "$(TEST_HOST)";
				DEVELOPMENT_TEAM = BN8PX94DMQ;
				INFOPLIST_FILE = foodwhimTests/Info.plist;
				LD_RUNPATH_SEARCH_PATHS = "$(inherited) @executable_path/Frameworks @loader_path/Frameworks";
				PRODUCT_BUNDLE_IDENTIFIER = erikyangs.github.io.foodwhimTests;
				PRODUCT_NAME = "$(TARGET_NAME)";
				SWIFT_VERSION = 3.0;
				TEST_HOST = "$(BUILT_PRODUCTS_DIR)/foodwhim.app/foodwhim";
			};
			name = Debug;
		};
		F10227F91E8206A9009D9A45 /* Release */ = {
			isa = XCBuildConfiguration;
			baseConfigurationReference = 625443C662E0C3CD2145BB17 /* Pods-foodwhimTests.release.xcconfig */;
			buildSettings = {
				ALWAYS_EMBED_SWIFT_STANDARD_LIBRARIES = YES;
				BUNDLE_LOADER = "$(TEST_HOST)";
				DEVELOPMENT_TEAM = BN8PX94DMQ;
				INFOPLIST_FILE = foodwhimTests/Info.plist;
				LD_RUNPATH_SEARCH_PATHS = "$(inherited) @executable_path/Frameworks @loader_path/Frameworks";
				PRODUCT_BUNDLE_IDENTIFIER = erikyangs.github.io.foodwhimTests;
				PRODUCT_NAME = "$(TARGET_NAME)";
				SWIFT_VERSION = 3.0;
				TEST_HOST = "$(BUILT_PRODUCTS_DIR)/foodwhim.app/foodwhim";
			};
			name = Release;
		};
		F10227FB1E8206A9009D9A45 /* Debug */ = {
			isa = XCBuildConfiguration;
			baseConfigurationReference = 85E565EA3ECF143F374CC367 /* Pods-foodwhimUITests.debug.xcconfig */;
			buildSettings = {
				ALWAYS_EMBED_SWIFT_STANDARD_LIBRARIES = YES;
				DEVELOPMENT_TEAM = BN8PX94DMQ;
				INFOPLIST_FILE = foodwhimUITests/Info.plist;
				LD_RUNPATH_SEARCH_PATHS = "$(inherited) @executable_path/Frameworks @loader_path/Frameworks";
				PRODUCT_BUNDLE_IDENTIFIER = erikyangs.github.io.foodwhimUITests;
				PRODUCT_NAME = "$(TARGET_NAME)";
				SWIFT_VERSION = 3.0;
				TEST_TARGET_NAME = foodwhim;
			};
			name = Debug;
		};
		F10227FC1E8206A9009D9A45 /* Release */ = {
			isa = XCBuildConfiguration;
			baseConfigurationReference = 352C67FB2BF47EEDEA441497 /* Pods-foodwhimUITests.release.xcconfig */;
			buildSettings = {
				ALWAYS_EMBED_SWIFT_STANDARD_LIBRARIES = YES;
				DEVELOPMENT_TEAM = BN8PX94DMQ;
				INFOPLIST_FILE = foodwhimUITests/Info.plist;
				LD_RUNPATH_SEARCH_PATHS = "$(inherited) @executable_path/Frameworks @loader_path/Frameworks";
				PRODUCT_BUNDLE_IDENTIFIER = erikyangs.github.io.foodwhimUITests;
				PRODUCT_NAME = "$(TARGET_NAME)";
				SWIFT_VERSION = 3.0;
				TEST_TARGET_NAME = foodwhim;
			};
			name = Release;
		};
/* End XCBuildConfiguration section */

/* Begin XCConfigurationList section */
		F10227C71E8206A8009D9A45 /* Build configuration list for PBXProject "foodwhim" */ = {
			isa = XCConfigurationList;
			buildConfigurations = (
				F10227F21E8206A9009D9A45 /* Debug */,
				F10227F31E8206A9009D9A45 /* Release */,
			);
			defaultConfigurationIsVisible = 0;
			defaultConfigurationName = Release;
		};
		F10227F41E8206A9009D9A45 /* Build configuration list for PBXNativeTarget "foodwhim" */ = {
			isa = XCConfigurationList;
			buildConfigurations = (
				F10227F51E8206A9009D9A45 /* Debug */,
				F10227F61E8206A9009D9A45 /* Release */,
			);
			defaultConfigurationIsVisible = 0;
			defaultConfigurationName = Release;
		};
		F10227F71E8206A9009D9A45 /* Build configuration list for PBXNativeTarget "foodwhimTests" */ = {
			isa = XCConfigurationList;
			buildConfigurations = (
				F10227F81E8206A9009D9A45 /* Debug */,
				F10227F91E8206A9009D9A45 /* Release */,
			);
			defaultConfigurationIsVisible = 0;
			defaultConfigurationName = Release;
		};
		F10227FA1E8206A9009D9A45 /* Build configuration list for PBXNativeTarget "foodwhimUITests" */ = {
			isa = XCConfigurationList;
			buildConfigurations = (
				F10227FB1E8206A9009D9A45 /* Debug */,
				F10227FC1E8206A9009D9A45 /* Release */,
			);
			defaultConfigurationIsVisible = 0;
			defaultConfigurationName = Release;
		};
/* End XCConfigurationList section */
	};
	rootObject = F10227C41E8206A8009D9A45 /* Project object */;
}
